PODS:
  - HotKey (0.1.0)
  - Magnet (2.1.0)

DEPENDENCIES:
  - HotKey
  - Magnet

SPEC REPOS:
  https://github.com/CocoaPods/Specs.git:
    - HotKey
    - Magnet

SPEC CHECKSUMS:
  HotKey: aa2b99ed0a4d7026e1bc15b6ae206a70e9a1851f
  Magnet: 6c26f03a279b9340bb6a86a73a1314d2da110219

PODFILE CHECKSUM: a689d99fa79e4e5b22d3aa818ffccc0efde1776f

COCOAPODS: 1.5.0
